
Microsoft Visual Studio Solution File, Format Version 12.00
# Visual Studio 15
VisualStudioVersion = 15.0.28010.2041
MinimumVisualStudioVersion = 10.0.40219.1
Project("{8BC9CEB8-8B4A-11D0-8D11-00A0C91BC942}") = "while", "while\while.vcxproj", "{B074621D-A593-4687-B730-07D861F6544C}"
EndProject
Global
	GlobalSection(SolutionConfigurationPlatforms) = preSolution
		Debug|x64 = Debug|x64
		Debug|x86 = Debug|x86
		Release|x64 = Release|x64
		Release|x86 = Release|x86
	EndGlobalSection
	GlobalSection(ProjectConfigurationPlatforms) = postSolution
		{B074621D-A593-4687-B730-07D861F6544C}.Debug|x64.ActiveCfg = Debug|x64
		{B074621D-A593-4687-B730-07D861F6544C}.Debug|x64.Build.0 = Debug|x64
		{B074621D-A593-4687-B730-07D861F6544C}.Debug|x86.ActiveCfg = Debug|Win32
		{B074621D-A593-4687-B730-07D861F6544C}.Debug|x86.Build.0 = Debug|Win32
		{B074621D-A593-4687-B730-07D861F6544C}.Release|x64.ActiveCfg = Release|x64
		{B074621D-A593-4687-B730-07D861F6544C}.Release|x64.Build.0 = Release|x64
		{B074621D-A593-4687-B730-07D861F6544C}.Release|x86.ActiveCfg = Release|Win32
		{B074621D-A593-4687-B730-07D861F6544C}.Release|x86.Build.0 = Release|Win32
	EndGlobalSection
	GlobalSection(SolutionProperties) = preSolution
		HideSolutionNode = FALSE
	EndGlobalSection
	GlobalSection(ExtensibilityGlobals) = postSolution
		SolutionGuid = {FC0DA04A-B9A5-4C23-B075-10368C06CECB}
	EndGlobalSection
EndGlobal
